# This file is automatically @generated by Poetry 1.8.4 and should not be changed by hand.

[[package]]
name = "asttokens"
version = "3.0.0"
description = "Annotate AST trees with source code positions"
optional = false
python-versions = ">=3.8"
files = [
    {file = "asttokens-3.0.0-py3-none-any.whl", hash = "sha256:e3078351a059199dd5138cb1c706e6430c05eff2ff136af5eb4790f9d28932e2"},
    {file = "asttokens-3.0.0.tar.gz", hash = "sha256:0dcd8baa8d62b0c1d118b399b2ddba3c4aff271d0d7a9e0d4c1681c79035bbc7"},
]

[package.extras]
astroid = ["astroid (>=2,<4)"]
test = ["astroid (>=2,<4)", "pytest", "pytest-cov", "pytest-xdist"]

[[package]]
name = "click"
version = "8.1.7"
description = "Composable command line interface toolkit"
optional = false
python-versions = ">=3.7"
files = [
    {file = "click-8.1.7-py3-none-any.whl", hash = "sha256:ae74fb96c20a0277a1d615f1e4d73c8414f5a98db8b799a7931d1582f3390c28"},
    {file = "click-8.1.7.tar.gz", hash = "sha256:ca9853ad459e787e2192211578cc907e7594e294c7ccc834310722b41b9ca6de"},
]

[package.dependencies]
colorama = {version = "*", markers = "platform_system == \"Windows\""}

[[package]]
name = "colorama"
version = "0.4.6"
description = "Cross-platform colored terminal text."
optional = false
python-versions = "!=3.0.*,!=3.1.*,!=3.2.*,!=3.3.*,!=3.4.*,!=3.5.*,!=3.6.*,>=2.7"
files = [
    {file = "colorama-0.4.6-py2.py3-none-any.whl", hash = "sha256:4f1d9991f5acc0ca119f9d443620b77f9d6b33703e51011c16baf57afb285fc6"},
    {file = "colorama-0.4.6.tar.gz", hash = "sha256:08695f5cb7ed6e0531a20572697297273c47b8cae5a63ffc6d6ed5c201be6e44"},
]

[[package]]
name = "decorator"
version = "5.1.1"
description = "Decorators for Humans"
optional = false
python-versions = ">=3.5"
files = [
    {file = "decorator-5.1.1-py3-none-any.whl", hash = "sha256:b8c3f85900b9dc423225913c5aace94729fe1fa9763b38939a95226f02d37186"},
    {file = "decorator-5.1.1.tar.gz", hash = "sha256:637996211036b6385ef91435e4fae22989472f9d571faba8927ba8253acbc330"},
]

[[package]]
name = "executing"
version = "2.1.0"
description = "Get the currently executing AST node of a frame, and other information"
optional = false
python-versions = ">=3.8"
files = [
    {file = "executing-2.1.0-py2.py3-none-any.whl", hash = "sha256:8d63781349375b5ebccc3142f4b30350c0cd9c79f921cde38be2be4637e98eaf"},
    {file = "executing-2.1.0.tar.gz", hash = "sha256:8ea27ddd260da8150fa5a708269c4a10e76161e2496ec3e587da9e3c0fe4b9ab"},
]

[package.extras]
tests = ["asttokens (>=2.1.0)", "coverage", "coverage-enable-subprocess", "ipython", "littleutils", "pytest", "rich"]

[[package]]
name = "ifaddr"
version = "0.2.0"
description = "Cross-platform network interface and IP address enumeration library"
optional = false
python-versions = "*"
files = [
    {file = "ifaddr-0.2.0-py3-none-any.whl", hash = "sha256:085e0305cfe6f16ab12d72e2024030f5d52674afad6911bb1eee207177b8a748"},
    {file = "ifaddr-0.2.0.tar.gz", hash = "sha256:cc0cbfcaabf765d44595825fb96a99bb12c79716b73b44330ea38ee2b0c4aed4"},
]

[[package]]
name = "ipython"
version = "8.30.0"
description = "IPython: Productive Interactive Computing"
optional = false
python-versions = ">=3.10"
files = [
    {file = "ipython-8.30.0-py3-none-any.whl", hash = "sha256:85ec56a7e20f6c38fce7727dcca699ae4ffc85985aa7b23635a8008f918ae321"},
    {file = "ipython-8.30.0.tar.gz", hash = "sha256:cb0a405a306d2995a5cbb9901894d240784a9f341394c6ba3f4fe8c6eb89ff6e"},
]

[package.dependencies]
colorama = {version = "*", markers = "sys_platform == \"win32\""}
decorator = "*"
jedi = ">=0.16"
matplotlib-inline = "*"
pexpect = {version = ">4.3", markers = "sys_platform != \"win32\" and sys_platform != \"emscripten\""}
prompt_toolkit = ">=3.0.41,<3.1.0"
pygments = ">=2.4.0"
stack_data = "*"
traitlets = ">=5.13.0"
typing_extensions = {version = ">=4.6", markers = "python_version < \"3.12\""}

[package.extras]
all = ["ipython[black,doc,kernel,matplotlib,nbconvert,nbformat,notebook,parallel,qtconsole]", "ipython[test,test-extra]"]
black = ["black"]
doc = ["docrepr", "exceptiongroup", "intersphinx_registry", "ipykernel", "ipython[test]", "matplotlib", "setuptools (>=18.5)", "sphinx (>=1.3)", "sphinx-rtd-theme", "sphinxcontrib-jquery", "tomli", "typing_extensions"]
kernel = ["ipykernel"]
matplotlib = ["matplotlib"]
nbconvert = ["nbconvert"]
nbformat = ["nbformat"]
notebook = ["ipywidgets", "notebook"]
parallel = ["ipyparallel"]
qtconsole = ["qtconsole"]
test = ["packaging", "pickleshare", "pytest", "pytest-asyncio (<0.22)", "testpath"]
test-extra = ["curio", "ipython[test]", "matplotlib (!=3.2.0)", "nbformat", "numpy (>=1.23)", "pandas", "trio"]

[[package]]
name = "jedi"
version = "0.19.2"
description = "An autocompletion tool for Python that can be used for text editors."
optional = false
python-versions = ">=3.6"
files = [
    {file = "jedi-0.19.2-py2.py3-none-any.whl", hash = "sha256:a8ef22bde8490f57fe5c7681a3c83cb58874daf72b4784de3cce5b6ef6edb5b9"},
    {file = "jedi-0.19.2.tar.gz", hash = "sha256:4770dc3de41bde3966b02eb84fbcf557fb33cce26ad23da12c742fb50ecb11f0"},
]

[package.dependencies]
parso = ">=0.8.4,<0.9.0"

[package.extras]
docs = ["Jinja2 (==2.11.3)", "MarkupSafe (==1.1.1)", "Pygments (==2.8.1)", "alabaster (==0.7.12)", "babel (==2.9.1)", "chardet (==4.0.0)", "commonmark (==0.8.1)", "docutils (==0.17.1)", "future (==0.18.2)", "idna (==2.10)", "imagesize (==1.2.0)", "mock (==1.0.1)", "packaging (==20.9)", "pyparsing (==2.4.7)", "pytz (==2021.1)", "readthedocs-sphinx-ext (==2.1.4)", "recommonmark (==0.5.0)", "requests (==2.25.1)", "six (==1.15.0)", "snowballstemmer (==2.1.0)", "sphinx (==1.8.5)", "sphinx-rtd-theme (==0.4.3)", "sphinxcontrib-serializinghtml (==1.1.4)", "sphinxcontrib-websupport (==1.2.4)", "urllib3 (==1.26.4)"]
qa = ["flake8 (==5.0.4)", "mypy (==0.971)", "types-setuptools (==67.2.0.1)"]
testing = ["Django", "attrs", "colorama", "docopt", "pytest (<9.0.0)"]

[[package]]
name = "matplotlib-inline"
version = "0.1.7"
description = "Inline Matplotlib backend for Jupyter"
optional = false
python-versions = ">=3.8"
files = [
    {file = "matplotlib_inline-0.1.7-py3-none-any.whl", hash = "sha256:df192d39a4ff8f21b1895d72e6a13f5fcc5099f00fa84384e0ea28c2cc0653ca"},
    {file = "matplotlib_inline-0.1.7.tar.gz", hash = "sha256:8423b23ec666be3d16e16b60bdd8ac4e86e840ebd1dd11a30b9f117f2fa0ab90"},
]

[package.dependencies]
traitlets = "*"

[[package]]
name = "parso"
version = "0.8.4"
description = "A Python Parser"
optional = false
python-versions = ">=3.6"
files = [
    {file = "parso-0.8.4-py2.py3-none-any.whl", hash = "sha256:a418670a20291dacd2dddc80c377c5c3791378ee1e8d12bffc35420643d43f18"},
    {file = "parso-0.8.4.tar.gz", hash = "sha256:eb3a7b58240fb99099a345571deecc0f9540ea5f4dd2fe14c2a99d6b281ab92d"},
]

[package.extras]
qa = ["flake8 (==5.0.4)", "mypy (==0.971)", "types-setuptools (==67.2.0.1)"]
testing = ["docopt", "pytest"]

[[package]]
name = "pexpect"
version = "4.9.0"
description = "Pexpect allows easy control of interactive console applications."
optional = false
python-versions = "*"
files = [
    {file = "pexpect-4.9.0-py2.py3-none-any.whl", hash = "sha256:7236d1e080e4936be2dc3e326cec0af72acf9212a7e1d060210e70a47e253523"},
    {file = "pexpect-4.9.0.tar.gz", hash = "sha256:ee7d41123f3c9911050ea2c2dac107568dc43b2d3b0c7557a33212c398ead30f"},
]

[package.dependencies]
ptyprocess = ">=0.5"

[[package]]
name = "prompt-toolkit"
version = "3.0.48"
description = "Library for building powerful interactive command lines in Python"
optional = false
python-versions = ">=3.7.0"
files = [
    {file = "prompt_toolkit-3.0.48-py3-none-any.whl", hash = "sha256:f49a827f90062e411f1ce1f854f2aedb3c23353244f8108b89283587397ac10e"},
    {file = "prompt_toolkit-3.0.48.tar.gz", hash = "sha256:d6623ab0477a80df74e646bdbc93621143f5caf104206aa29294d53de1a03d90"},
]

[package.dependencies]
wcwidth = "*"

[[package]]
name = "psutil"
version = "6.1.0"
description = "Cross-platform lib for process and system monitoring in Python."
optional = false
python-versions = "!=3.0.*,!=3.1.*,!=3.2.*,!=3.3.*,!=3.4.*,!=3.5.*,>=2.7"
files = [
    {file = "psutil-6.1.0-cp27-cp27m-macosx_10_9_x86_64.whl", hash = "sha256:ff34df86226c0227c52f38b919213157588a678d049688eded74c76c8ba4a5d0"},
    {file = "psutil-6.1.0-cp27-cp27m-manylinux2010_i686.whl", hash = "sha256:c0e0c00aa18ca2d3b2b991643b799a15fc8f0563d2ebb6040f64ce8dc027b942"},
    {file = "psutil-6.1.0-cp27-cp27m-manylinux2010_x86_64.whl", hash = "sha256:000d1d1ebd634b4efb383f4034437384e44a6d455260aaee2eca1e9c1b55f047"},
    {file = "psutil-6.1.0-cp27-cp27mu-manylinux2010_i686.whl", hash = "sha256:5cd2bcdc75b452ba2e10f0e8ecc0b57b827dd5d7aaffbc6821b2a9a242823a76"},
    {file = "psutil-6.1.0-cp27-cp27mu-manylinux2010_x86_64.whl", hash = "sha256:045f00a43c737f960d273a83973b2511430d61f283a44c96bf13a6e829ba8fdc"},
    {file = "psutil-6.1.0-cp27-none-win32.whl", hash = "sha256:9118f27452b70bb1d9ab3198c1f626c2499384935aaf55388211ad982611407e"},
    {file = "psutil-6.1.0-cp27-none-win_amd64.whl", hash = "sha256:a8506f6119cff7015678e2bce904a4da21025cc70ad283a53b099e7620061d85"},
    {file = "psutil-6.1.0-cp36-abi3-macosx_10_9_x86_64.whl", hash = "sha256:6e2dcd475ce8b80522e51d923d10c7871e45f20918e027ab682f94f1c6351688"},
    {file = "psutil-6.1.0-cp36-abi3-macosx_11_0_arm64.whl", hash = "sha256:0895b8414afafc526712c498bd9de2b063deaac4021a3b3c34566283464aff8e"},
    {file = "psutil-6.1.0-cp36-abi3-manylinux_2_12_i686.manylinux2010_i686.manylinux_2_17_i686.manylinux2014_i686.whl", hash = "sha256:9dcbfce5d89f1d1f2546a2090f4fcf87c7f669d1d90aacb7d7582addece9fb38"},
    {file = "psutil-6.1.0-cp36-abi3-manylinux_2_12_x86_64.manylinux2010_x86_64.manylinux_2_17_x86_64.manylinux2014_x86_64.whl", hash = "sha256:498c6979f9c6637ebc3a73b3f87f9eb1ec24e1ce53a7c5173b8508981614a90b"},
    {file = "psutil-6.1.0-cp36-abi3-manylinux_2_17_aarch64.manylinux2014_aarch64.whl", hash = "sha256:d905186d647b16755a800e7263d43df08b790d709d575105d419f8b6ef65423a"},
    {file = "psutil-6.1.0-cp36-cp36m-win32.whl", hash = "sha256:6d3fbbc8d23fcdcb500d2c9f94e07b1342df8ed71b948a2649b5cb060a7c94ca"},
    {file = "psutil-6.1.0-cp36-cp36m-win_amd64.whl", hash = "sha256:1209036fbd0421afde505a4879dee3b2fd7b1e14fee81c0069807adcbbcca747"},
    {file = "psutil-6.1.0-cp37-abi3-win32.whl", hash = "sha256:1ad45a1f5d0b608253b11508f80940985d1d0c8f6111b5cb637533a0e6ddc13e"},
    {file = "psutil-6.1.0-cp37-abi3-win_amd64.whl", hash = "sha256:a8fb3752b491d246034fa4d279ff076501588ce8cbcdbb62c32fd7a377d996be"},
    {file = "psutil-6.1.0.tar.gz", hash = "sha256:353815f59a7f64cdaca1c0307ee13558a0512f6db064e92fe833784f08539c7a"},
]

[package.extras]
dev = ["black", "check-manifest", "coverage", "packaging", "pylint", "pyperf", "pypinfo", "pytest-cov", "requests", "rstcheck", "ruff", "sphinx", "sphinx_rtd_theme", "toml-sort", "twine", "virtualenv", "wheel"]
test = ["pytest", "pytest-xdist", "setuptools"]

[[package]]
name = "ptyprocess"
version = "0.7.0"
description = "Run a subprocess in a pseudo terminal"
optional = false
python-versions = "*"
files = [
    {file = "ptyprocess-0.7.0-py2.py3-none-any.whl", hash = "sha256:4b41f3967fce3af57cc7e94b888626c18bf37a083e3651ca8feeb66d492fef35"},
    {file = "ptyprocess-0.7.0.tar.gz", hash = "sha256:5c5d0a3b48ceee0b48485e0c26037c0acd7d29765ca3fbb5cb3831d347423220"},
]

[[package]]
name = "pure-eval"
version = "0.2.3"
description = "Safely evaluate AST nodes without side effects"
optional = false
python-versions = "*"
files = [
    {file = "pure_eval-0.2.3-py3-none-any.whl", hash = "sha256:1db8e35b67b3d218d818ae653e27f06c3aa420901fa7b081ca98cbedc874e0d0"},
    {file = "pure_eval-0.2.3.tar.gz", hash = "sha256:5f4e983f40564c576c7c8635ae88db5956bb2229d7e9237d03b3c0b0190eaf42"},
]

[package.extras]
tests = ["pytest"]

[[package]]
name = "pygments"
version = "2.18.0"
description = "Pygments is a syntax highlighting package written in Python."
optional = false
python-versions = ">=3.8"
files = [
    {file = "pygments-2.18.0-py3-none-any.whl", hash = "sha256:b8e6aca0523f3ab76fee51799c488e38782ac06eafcf95e7ba832985c8e7b13a"},
    {file = "pygments-2.18.0.tar.gz", hash = "sha256:786ff802f32e91311bff3889f6e9a86e81505fe99f2735bb6d60ae0c5004f199"},
]

[package.extras]
windows-terminal = ["colorama (>=0.4.6)"]

[[package]]
name = "pyvisa"
version = "1.14.1"
description = "Python VISA bindings for GPIB, RS232, TCPIP and USB instruments"
optional = false
python-versions = ">=3.8"
files = [
    {file = "PyVISA-1.14.1-py3-none-any.whl", hash = "sha256:6e4dfc9b6029b4f00d0d4960348c4889c2747aa7f83276950d48a349eab36a45"},
    {file = "PyVISA-1.14.1.tar.gz", hash = "sha256:71030041ed4c5dad77687454cf44b8be4d1642e9d1aaa22019248d41d8ed7a79"},
]

[package.dependencies]
typing-extensions = "*"

[[package]]
name = "pyvisa-py"
version = "0.7.2"
description = "Pure Python implementation of a VISA library."
optional = false
python-versions = ">=3.8"
files = [
    {file = "PyVISA-py-0.7.2.tar.gz", hash = "sha256:4c5f5b867858457dbebfff92a42fba2d8b046d28defbbec2a09e3c1f0850e851"},
    {file = "PyVISA_py-0.7.2-py3-none-any.whl", hash = "sha256:c53b941a5ee6547aadc5321f930c924dd5c4434891bc512fcafcdd5a4a8d110d"},
]

[package.dependencies]
pyvisa = ">=1.13.0"
typing-extensions = "*"

[package.extras]
gpib-ctypes = ["gpib-ctypes (>=0.3.0)"]
hislip-discovery = ["zeroconf"]
psutil = ["psutil"]
serial = ["pyserial (>=3.0)"]
usb = ["pyusb"]
vicp = ["pyvicp", "zeroconf"]

[[package]]
name = "stack-data"
version = "0.6.3"
description = "Extract data from python stack frames and tracebacks for informative displays"
optional = false
python-versions = "*"
files = [
    {file = "stack_data-0.6.3-py3-none-any.whl", hash = "sha256:d5558e0c25a4cb0853cddad3d77da9891a08cb85dd9f9f91b9f8cd66e511e695"},
    {file = "stack_data-0.6.3.tar.gz", hash = "sha256:836a778de4fec4dcd1dcd89ed8abff8a221f58308462e1c4aa2a3cf30148f0b9"},
]

[package.dependencies]
asttokens = ">=2.1.0"
executing = ">=1.2.0"
pure-eval = "*"

[package.extras]
tests = ["cython", "littleutils", "pygments", "pytest", "typeguard"]

[[package]]
name = "traitlets"
version = "5.14.3"
description = "Traitlets Python configuration system"
optional = false
python-versions = ">=3.8"
files = [
    {file = "traitlets-5.14.3-py3-none-any.whl", hash = "sha256:b74e89e397b1ed28cc831db7aea759ba6640cb3de13090ca145426688ff1ac4f"},
    {file = "traitlets-5.14.3.tar.gz", hash = "sha256:9ed0579d3502c94b4b3732ac120375cda96f923114522847de4b3bb98b96b6b7"},
]

[package.extras]
docs = ["myst-parser", "pydata-sphinx-theme", "sphinx"]
test = ["argcomplete (>=3.0.3)", "mypy (>=1.7.0)", "pre-commit", "pytest (>=7.0,<8.2)", "pytest-mock", "pytest-mypy-testing"]

[[package]]
name = "typing-extensions"
version = "4.12.2"
description = "Backported and Experimental Type Hints for Python 3.8+"
optional = false
python-versions = ">=3.8"
files = [
    {file = "typing_extensions-4.12.2-py3-none-any.whl", hash = "sha256:04e5ca0351e0f3f85c6853954072df659d0d13fac324d0072316b67d7794700d"},
    {file = "typing_extensions-4.12.2.tar.gz", hash = "sha256:1a7ead55c7e559dd4dee8856e3a88b41225abfe1ce8df57b7c13915fe121ffb8"},
]

[[package]]
name = "wcwidth"
version = "0.2.13"
description = "Measures the displayed width of unicode strings in a terminal"
optional = false
python-versions = "*"
files = [
    {file = "wcwidth-0.2.13-py2.py3-none-any.whl", hash = "sha256:3da69048e4540d84af32131829ff948f1e022c1c6bdb8d6102117aac784f6859"},
    {file = "wcwidth-0.2.13.tar.gz", hash = "sha256:72ea0c06399eb286d978fdedb6923a9eb47e1c486ce63e9b4e64fc18303972b5"},
]

[[package]]
name = "zeroconf"
version = "0.136.2"
description = "A pure python implementation of multicast DNS service discovery"
optional = false
python-versions = "<4.0,>=3.8"
files = [
    {file = "zeroconf-0.136.2-cp310-cp310-macosx_10_9_x86_64.whl", hash = "sha256:5dbd7a2d9fbce5623b05ecd7003fab95bc324dcb8e33b35ce796e8e915851e4d"},
    {file = "zeroconf-0.136.2-cp310-cp310-macosx_11_0_arm64.whl", hash = "sha256:5b958e163ebbaeb1d2e01dcf62de8c44af566af97a93a7a969e515e522f4d83f"},
    {file = "zeroconf-0.136.2-cp310-cp310-manylinux_2_17_i686.manylinux_2_5_i686.manylinux1_i686.manylinux2014_i686.whl", hash = "sha256:e6de231a0ba53a5b6fa6c2b9b6be8cc9e017404721fdb46316e4e28379ecc216"},
    {file = "zeroconf-0.136.2-cp310-cp310-manylinux_2_17_x86_64.manylinux2014_x86_64.whl", hash = "sha256:0c8a8d99828c14e45122f856d05bd66d19cd70ba5c9930aaee71f1ec6e28561c"},
    {file = "zeroconf-0.136.2-cp310-cp310-musllinux_1_2_i686.whl", hash = "sha256:90443a6006d2b721001f7db8f1e10e687e52229cff49075fcbcf66036c133c94"},
    {file = "zeroconf-0.136.2-cp310-cp310-musllinux_1_2_x86_64.whl", hash = "sha256:b999043357fc4caedff042d6bea3cf7c7ca205c976e5c7233fe8d56a5cf346e0"},
    {file = "zeroconf-0.136.2-cp310-cp310-win32.whl", hash = "sha256:117087d963883604792bc91118be0bcecde07c1c41189db8f835b1fd3bd27eaa"},
    {file = "zeroconf-0.136.2-cp310-cp310-win_amd64.whl", hash = "sha256:d68d8cff8aa4b6e3b0722d853b9c70873add50503bc40f2b2bddb5856c6f6193"},
    {file = "zeroconf-0.136.2-cp311-cp311-macosx_10_9_x86_64.whl", hash = "sha256:c35e991091013cbe02907c4b798554c1081630925c8a94dcd652c2440fed8907"},
    {file = "zeroconf-0.136.2-cp311-cp311-macosx_11_0_arm64.whl", hash = "sha256:1efe072eb34f51c2b5386981ab725a87d2ee31078ce4c5a488669eda10415cb6"},
    {file = "zeroconf-0.136.2-cp311-cp311-manylinux_2_17_aarch64.manylinux2014_aarch64.whl", hash = "sha256:85ba59ab362e99dd9063a3321d6bf933b062847257e3248490051a042d61a130"},
    {file = "zeroconf-0.136.2-cp311-cp311-manylinux_2_17_i686.manylinux_2_5_i686.manylinux1_i686.manylinux2014_i686.whl", hash = "sha256:7ce7ba8462f3baab4cd0332c929fde3dabc7d814a0381f33a3b871d9f7886626"},
    {file = "zeroconf-0.136.2-cp311-cp311-manylinux_2_17_x86_64.manylinux2014_x86_64.whl", hash = "sha256:019205377af6b2308476e6597b8ae34a7cfe6fe3b6e367b0ab405ff17c4d4d3b"},
    {file = "zeroconf-0.136.2-cp311-cp311-musllinux_1_2_i686.whl", hash = "sha256:d5437c28e0898ba018b52e23f6ffa9cefa2560649b50947e2220d6daa1b17db9"},
    {file = "zeroconf-0.136.2-cp311-cp311-musllinux_1_2_x86_64.whl", hash = "sha256:1c5a6007b0e3b938e5b6af4a12ee23ef997ca89068702aea5fc66baf216fbcbd"},
    {file = "zeroconf-0.136.2-cp311-cp311-win32.whl", hash = "sha256:6afa19d0dcbfc656ecc987f33c313e30178a20d3731d17eb6c81388138954e8c"},
    {file = "zeroconf-0.136.2-cp311-cp311-win_amd64.whl", hash = "sha256:0ac3f8b375d1e3954908de0d6245df6ca44d01ecbd2d50572a0d86fc18e7b1f2"},
    {file = "zeroconf-0.136.2-cp312-cp312-macosx_10_13_x86_64.whl", hash = "sha256:5a74474e4d5cda8ea121e7b9538660decce1b944a210a26134ca5852c1e12929"},
    {file = "zeroconf-0.136.2-cp312-cp312-macosx_11_0_arm64.whl", hash = "sha256:1746e25128915417d1500e23cdb22f7460bb688978e4570cc956081fc85c408f"},
    {file = "zeroconf-0.136.2-cp312-cp312-manylinux_2_17_aarch64.manylinux2014_aarch64.whl", hash = "sha256:cb14c95c428ad003f0a8fdde87f0c0ba89a945ced468421ad24818e243e3fd0e"},
    {file = "zeroconf-0.136.2-cp312-cp312-manylinux_2_17_i686.manylinux_2_5_i686.manylinux1_i686.manylinux2014_i686.whl", hash = "sha256:c44256cbc15e4dc8f5466e9f20a86325156b1a5d4bfc704167f93ed0653058b6"},
    {file = "zeroconf-0.136.2-cp312-cp312-manylinux_2_17_x86_64.manylinux2014_x86_64.whl", hash = "sha256:9286e280d5aec66d0ac9ef662d953a08aba8b812c0e3273b790026b7c143ee98"},
    {file = "zeroconf-0.136.2-cp312-cp312-manylinux_2_36_x86_64.whl", hash = "sha256:1e0f0df103bc27816b00b983cdc404423fd14daaa4708ad7764a9ca3830a333d"},
    {file = "zeroconf-0.136.2-cp312-cp312-musllinux_1_2_i686.whl", hash = "sha256:21351dca8727ba7c47d00f97de413b353ab2da72044fdae55eb32cf52998f5b6"},
    {file = "zeroconf-0.136.2-cp312-cp312-musllinux_1_2_x86_64.whl", hash = "sha256:e908a3c93c15261416397c7acd624ad58b048e8027a048c07e35cb5fe1bab489"},
    {file = "zeroconf-0.136.2-cp312-cp312-win32.whl", hash = "sha256:0ed19d4e0a2cfe57a19c6540253af6f254a5d79ed17af7dd14db125a9faa95de"},
    {file = "zeroconf-0.136.2-cp312-cp312-win_amd64.whl", hash = "sha256:38b05678968dc2cfdef795f14efc16d5cb9163e008da5f15334bccc235f8c722"},
    {file = "zeroconf-0.136.2-cp313-cp313-macosx_10_13_x86_64.whl", hash = "sha256:ffc9bd9df2c30edfbc44c02413f1191d509ed7c749cd405172344320dc4bac03"},
    {file = "zeroconf-0.136.2-cp313-cp313-macosx_11_0_arm64.whl", hash = "sha256:dbd29811c60382929fef9fe70dd85d3d0a26efd1a6068ced86b24ab7c15c9649"},
    {file = "zeroconf-0.136.2-cp313-cp313-manylinux_2_17_aarch64.manylinux2014_aarch64.whl", hash = "sha256:88cc3744a4b8613765a49837c88fde2ff3f4b41fac0661591c7203391358f644"},
    {file = "zeroconf-0.136.2-cp313-cp313-manylinux_2_17_i686.manylinux_2_5_i686.manylinux1_i686.manylinux2014_i686.whl", hash = "sha256:94b3df37ee57d0b77330aee6cb8a3612363ead8f04c57110751773945532e05e"},
    {file = "zeroconf-0.136.2-cp313-cp313-manylinux_2_17_x86_64.manylinux2014_x86_64.whl", hash = "sha256:1d009191d7d13ba552d4c0dbb96792c5473c8d31668aa47343e324f0f61b0fbd"},
    {file = "zeroconf-0.136.2-cp313-cp313-musllinux_1_2_i686.whl", hash = "sha256:756d8e5427026d12f42fe452952c19de3545ea16e70af0a999404c7ef196057b"},
    {file = "zeroconf-0.136.2-cp313-cp313-musllinux_1_2_x86_64.whl", hash = "sha256:e63369e50f6aef945ee036e94d105ff6ec84498f6e7d6e456abac577916d4d2f"},
    {file = "zeroconf-0.136.2-cp313-cp313-win32.whl", hash = "sha256:816f04d03625a876aa6d1b389c64f5421d5210a9bddf69c997ea1bb377970613"},
    {file = "zeroconf-0.136.2-cp313-cp313-win_amd64.whl", hash = "sha256:ce480e2f84f2176c19f04d55bcd2ee540dc7262ad6eb8fc8194d1b98c9f33f2a"},
    {file = "zeroconf-0.136.2-cp38-cp38-macosx_10_9_x86_64.whl", hash = "sha256:353685302d3f6068589672667e92298f2154e9546a266e8838201f9fa391464a"},
    {file = "zeroconf-0.136.2-cp38-cp38-manylinux_2_17_i686.manylinux_2_5_i686.manylinux1_i686.manylinux2014_i686.whl", hash = "sha256:647c71fe7363b2f0afabb3a18d6aa7ef5090b96763994b036253b8306400a7bc"},
    {file = "zeroconf-0.136.2-cp38-cp38-manylinux_2_17_x86_64.manylinux2014_x86_64.whl", hash = "sha256:cddb4a57016064cf5e2b31b31df39a35ad775a3974f4a70ac2aae2f2beb96f9a"},
    {file = "zeroconf-0.136.2-cp38-cp38-musllinux_1_2_i686.whl", hash = "sha256:1d0a545e7b62883c8a102b2386ab011dbb2fc1dbc2282cb4566254174d1097c6"},
    {file = "zeroconf-0.136.2-cp38-cp38-musllinux_1_2_x86_64.whl", hash = "sha256:224e15b94e6290fb0d48245fc7fc12d73539c121f767b28a13bb6b017854b18f"},
    {file = "zeroconf-0.136.2-cp38-cp38-win32.whl", hash = "sha256:2d2e6ebd60f3874e8d2bc4a9e9ea3888fe47617398f18b8af6d42be662978b53"},
    {file = "zeroconf-0.136.2-cp38-cp38-win_amd64.whl", hash = "sha256:4caa57e1cf1ca12841033d3bcf879de4f37ec744df742f6abe3bfa982f3a1a6f"},
    {file = "zeroconf-0.136.2-cp39-cp39-macosx_10_9_x86_64.whl", hash = "sha256:5934f63e5c1f300806ca575936c3461beae7e7c13859b158f5611228dd21bbb8"},
    {file = "zeroconf-0.136.2-cp39-cp39-macosx_11_0_arm64.whl", hash = "sha256:dda8fe421dcca543cef394395d8fc320a146e92f4b74597d3384a815df846be9"},
    {file = "zeroconf-0.136.2-cp39-cp39-manylinux_2_17_i686.manylinux_2_5_i686.manylinux1_i686.manylinux2014_i686.whl", hash = "sha256:57a1aa69b3f9064aec1b33f03cdde82c6d07aaf88f6ce6d1674439c10f123b59"},
    {file = "zeroconf-0.136.2-cp39-cp39-manylinux_2_17_x86_64.manylinux2014_x86_64.whl", hash = "sha256:569a6f13c78710913744fe5ae7bfdaa1e9c7e64e7199881fb536e8ed6f6ce5b9"},
    {file = "zeroconf-0.136.2-cp39-cp39-musllinux_1_2_i686.whl", hash = "sha256:21b0018064bb3fb3429e1cdeb3239dd27da1a06ffba1bcb09a0df75ab984dc3f"},
    {file = "zeroconf-0.136.2-cp39-cp39-musllinux_1_2_x86_64.whl", hash = "sha256:b592f77d0c82135f2cdf176f5c8269cc655f8f8abd11fa77c15d08a1a0f27029"},
    {file = "zeroconf-0.136.2-cp39-cp39-win32.whl", hash = "sha256:eb00684f3723dbe8092b1830de37cce6af4cb00e06fdb3b1a0545887f46dc783"},
    {file = "zeroconf-0.136.2-cp39-cp39-win_amd64.whl", hash = "sha256:d16c66d239a0578d70035fb506625278f99e3e5573f5939793bbffee3120cf29"},
    {file = "zeroconf-0.136.2-pp310-pypy310_pp73-macosx_10_15_x86_64.whl", hash = "sha256:97ee3439c9e10f51cb690923972d213fae5e2d2be63504f2f318255fa7471a6f"},
    {file = "zeroconf-0.136.2-pp310-pypy310_pp73-macosx_11_0_arm64.whl", hash = "sha256:346688e5d28b370192d721fcf85a72193f8e7cf8f5e625bf1c111f00e404ca65"},
    {file = "zeroconf-0.136.2-pp310-pypy310_pp73-manylinux_2_17_i686.manylinux_2_5_i686.manylinux1_i686.manylinux2014_i686.whl", hash = "sha256:1a4d2946ad71b514279b6897911406a4b6f95b95efff6d4c9762f0818068ec9d"},
    {file = "zeroconf-0.136.2-pp310-pypy310_pp73-manylinux_2_17_x86_64.manylinux2014_x86_64.whl", hash = "sha256:a4aaf4088a20800858797a9e03f38d698382ad2f54d2e9133b66dff5bc8a82c5"},
    {file = "zeroconf-0.136.2-pp310-pypy310_pp73-win_amd64.whl", hash = "sha256:d3e79263b2482cfd39bfe2013c2517dfb76c52fe3f94a697d131cf1322738e61"},
    {file = "zeroconf-0.136.2-pp38-pypy38_pp73-macosx_10_9_x86_64.whl", hash = "sha256:f7232123bd499f0d99421062aacda38691c04f5fe578c70ad92cb520582d7295"},
    {file = "zeroconf-0.136.2-pp38-pypy38_pp73-macosx_11_0_arm64.whl", hash = "sha256:d2339004240e54e9ca7510b53ab5d222c40a5b36e7e9c6a2026fac97b4951576"},
    {file = "zeroconf-0.136.2-pp38-pypy38_pp73-manylinux_2_17_i686.manylinux_2_5_i686.manylinux1_i686.manylinux2014_i686.whl", hash = "sha256:eb60a0c1f6e80050dd4ab335a3e59d2c6f2633f8215878098f93bb48c894d56c"},
    {file = "zeroconf-0.136.2-pp38-pypy38_pp73-manylinux_2_17_x86_64.manylinux2014_x86_64.whl", hash = "sha256:a7307b65c248c96e86cac94ab10258e1180dd9ede4607eb384f2f034d7b18280"},
    {file = "zeroconf-0.136.2-pp38-pypy38_pp73-win_amd64.whl", hash = "sha256:433a813b7a4b88d0e51522d3bd6dd725706d7782fabc47e02aa4a0e5bf2f58f9"},
    {file = "zeroconf-0.136.2-pp39-pypy39_pp73-macosx_10_15_x86_64.whl", hash = "sha256:0c8c545b4d1ac41610b9893367d039b009e6f73c0ba624fc19b89bb7e658140a"},
    {file = "zeroconf-0.136.2-pp39-pypy39_pp73-macosx_11_0_arm64.whl", hash = "sha256:9daab7f2b37ad7af2b471ff08e25a09d93656595e0dc8dc7d0b5382fdd3ad568"},
    {file = "zeroconf-0.136.2-pp39-pypy39_pp73-manylinux_2_17_i686.manylinux_2_5_i686.manylinux1_i686.manylinux2014_i686.whl", hash = "sha256:b5cb94c63d4dcfb3ccc67e972e650573daf3e8d433e1c66a18c3cf6f9da6428d"},
    {file = "zeroconf-0.136.2-pp39-pypy39_pp73-manylinux_2_17_x86_64.manylinux2014_x86_64.whl", hash = "sha256:6a3e52be2847aa0106ce66ceab93b3377a31b3baf74a627405d4c49c36e02b9c"},
    {file = "zeroconf-0.136.2-pp39-pypy39_pp73-win_amd64.whl", hash = "sha256:d35db16391b1cfc76e6791b61ac1d13bbb98007c91cc3746723a90dd46944f11"},
    {file = "zeroconf-0.136.2.tar.gz", hash = "sha256:37d223febad4569f0d14563eb8e80a9742be35d0419847b45d84c37fc4224bb4"},
]

[package.dependencies]
ifaddr = ">=0.1.7"

[metadata]
lock-version = "2.0"
python-versions = "^3.11"
content-hash = "a6951eef1f58bd264106830bdfd6234a2d926ce138c00ec2466b1dc342a4f152"
